
Microsoft Visual Studio Solution File, Format Version 12.00
# Visual Studio Version 16
VisualStudioVersion = 16.0.31613.86
MinimumVisualStudioVersion = 10.0.40219.1
Project("{FAE04EC0-301F-11D3-BF4B-00C04F79EFBC}") = "EmployeePayroll-ADO", "EmployeePayroll-ADO\EmployeePayroll-ADO.csproj", "{ACF9FC25-A677-4AE6-B282-0F9ACCD24A5E}"
EndProject
Global
	GlobalSection(SolutionConfigurationPlatforms) = preSolution
		Debug|Any CPU = Debug|Any CPU
		Release|Any CPU = Release|Any CPU
	EndGlobalSection
	GlobalSection(ProjectConfigurationPlatforms) = postSolution
		{ACF9FC25-A677-4AE6-B282-0F9ACCD24A5E}.Debug|Any CPU.ActiveCfg = Debug|Any CPU
		{ACF9FC25-A677-4AE6-B282-0F9ACCD24A5E}.Debug|Any CPU.Build.0 = Debug|Any CPU
		{ACF9FC25-A677-4AE6-B282-0F9ACCD24A5E}.Release|Any CPU.ActiveCfg = Release|Any CPU
		{ACF9FC25-A677-4AE6-B282-0F9ACCD24A5E}.Release|Any CPU.Build.0 = Release|Any CPU
	EndGlobalSection
	GlobalSection(SolutionProperties) = preSolution
		HideSolutionNode = FALSE
	EndGlobalSection
	GlobalSection(ExtensibilityGlobals) = postSolution
		SolutionGuid = {0BA713F8-EAC4-4402-9E04-E01AF9FF5AE7}
	EndGlobalSection
EndGlobal
